
Microsoft Visual Studio Solution File, Format Version 12.00
# Visual Studio Version 17
VisualStudioVersion = 17.3.32922.545
MinimumVisualStudioVersion = 10.0.40219.1
Project("{FAE04EC0-301F-11D3-BF4B-00C04F79EFBC}") = "employees Managment", "employees Managment\employees Managment.csproj", "{4FD3B4D1-0C40-4A55-87B6-5DCDD738F95D}"
EndProject
Global
	GlobalSection(SolutionConfigurationPlatforms) = preSolution
		Debug|Any CPU = Debug|Any CPU
		Release|Any CPU = Release|Any CPU
	EndGlobalSection
	GlobalSection(ProjectConfigurationPlatforms) = postSolution
		{4FD3B4D1-0C40-4A55-87B6-5DCDD738F95D}.Debug|Any CPU.ActiveCfg = Debug|Any CPU
		{4FD3B4D1-0C40-4A55-87B6-5DCDD738F95D}.Debug|Any CPU.Build.0 = Debug|Any CPU
		{4FD3B4D1-0C40-4A55-87B6-5DCDD738F95D}.Release|Any CPU.ActiveCfg = Release|Any CPU
		{4FD3B4D1-0C40-4A55-87B6-5DCDD738F95D}.Release|Any CPU.Build.0 = Release|Any CPU
	EndGlobalSection
	GlobalSection(SolutionProperties) = preSolution
		HideSolutionNode = FALSE
	EndGlobalSection
	GlobalSection(ExtensibilityGlobals) = postSolution
		SolutionGuid = {8709D3BA-DEEA-4FC9-8684-0275C78C40BD}
	EndGlobalSection
EndGlobal
